{
  "version": 1,
  "dependencies": {
    "net8.0": {
      "coverlet.collector": {
        "type": "Direct",
        "requested": "[6.0.4, )",
        "resolved": "6.0.4",
        "contentHash": "lkhqpF8Pu2Y7IiN7OntbsTtdbpR1syMsm2F3IgX6ootA4ffRqWL5jF7XipHuZQTdVuWG/gVAAcf8mjk8Tz0xPg=="
      },
      "Microsoft.NET.Test.Sdk": {
        "type": "Direct",
        "requested": "[18.0.0, )",
        "resolved": "18.0.0",
        "contentHash": "bvxj2Asb7nT+tqOFFerrhQeEjUYLwx0Poi0Rznu63WbqN+A4uDn1t5NWXfAOOQsF6lpmK6N2v+Vvgso7KWZS7g==",
        "dependencies": {
          "Microsoft.CodeCoverage": "18.0.0",
          "Microsoft.TestPlatform.TestHost": "18.0.0"
        }
      },
      "xunit": {
        "type": "Direct",
        "requested": "[2.9.3, )",
        "resolved": "2.9.3",
        "contentHash": "TlXQBinK35LpOPKHAqbLY4xlEen9TBafjs0V5KnA4wZsoQLQJiirCR4CbIXvOH8NzkW4YeJKP5P/Bnrodm0h9Q==",
        "dependencies": {
          "xunit.analyzers": "1.18.0",
          "xunit.assert": "2.9.3",
          "xunit.core": "[2.9.3]"
        }
      },
      "xunit.runner.visualstudio": {
        "type": "Direct",
        "requested": "[3.1.5, )",
        "resolved": "3.1.5",
        "contentHash": "tKi7dSTwP4m5m9eXPM2Ime4Kn7xNf4x4zT9sdLO/G4hZVnQCRiMTWoSZqI/pYTVeI27oPPqHBKYI/DjJ9GsYgA=="
      },
      "Azure.Core": {
        "type": "Transitive",
        "resolved": "1.46.2",
        "contentHash": "HFcvd1besmgBFPIZ7iSFHZOgzGfHTZNTzG8gWYdIP8ZJQySrb+vAdArcmFw7je3kFRMDbbtMoWKNVGj2vvH1sw==",
        "dependencies": {
          "Microsoft.Bcl.AsyncInterfaces": "8.0.0",
          "System.ClientModel": "1.4.2",
          "System.Memory.Data": "6.0.1"
        }
      },
      "Azure.Core.Amqp": {
        "type": "Transitive",
        "resolved": "1.3.1",
        "contentHash": "AY1ZM4WwLBb9L2WwQoWs7wS2XKYg83tp3yVVdgySdebGN0FuIszuEqCy3Nhv6qHpbkjx/NGuOTsUbF/oNGBgwA==",
        "dependencies": {
          "Microsoft.Azure.Amqp": "2.6.7",
          "System.Memory": "4.5.4",
          "System.Memory.Data": "1.0.2"
        }
      },
      "Azure.Messaging.ServiceBus": {
        "type": "Transitive",
        "resolved": "7.20.1",
        "contentHash": "DxCkedWPQuiXrIyFcriOhsQcZmDZW+j9d55Ev4nnK3yjMUFjlVe4Hj37fuZTJlNhC3P+7EumqBTt33R6DfOxGA==",
        "dependencies": {
          "Azure.Core": "1.46.2",
          "Azure.Core.Amqp": "1.3.1",
          "Microsoft.Azure.Amqp": "2.7.0"
        }
      },
      "BouncyCastle.Cryptography": {
        "type": "Transitive",
        "resolved": "2.5.1",
        "contentHash": "zy8TMeTP+1FH2NrLaNZtdRbBdq7u5MI+NFZQOBSM69u5RFkciinwzV2eveY6Kjf5MzgsYvvl6kTStsj3JrXqkg=="
      },
      "FluentFTP": {
        "type": "Transitive",
        "resolved": "53.0.2",
        "contentHash": "EaBY+FECGqlfDL1HnxaSrPCuakebW6xlfNt/VsH5daPS76kfKA3hZiJjH6OTceNzNDWl9HTpwRXOP96mHWhbIg=="
      },
      "Microsoft.Azure.Amqp": {
        "type": "Transitive",
        "resolved": "2.7.0",
        "contentHash": "gm/AEakujttMzrDhZ5QpRz3fICVkYDn/oDG9SmxDP+J7R8JDBXYU9WWG7hr6wQy40mY+wjUF0yUGXDPRDRNJwQ=="
      },
      "Microsoft.Bcl.AsyncInterfaces": {
        "type": "Transitive",
        "resolved": "8.0.0",
        "contentHash": "3WA9q9yVqJp222P3x1wYIGDAkpjAku0TMUaaQV22g6L67AI0LdOIrVS7Ht2vJfLHGSPVuqN94vIr15qn+HEkHw=="
      },
      "Microsoft.CodeCoverage": {
        "type": "Transitive",
        "resolved": "18.0.0",
        "contentHash": "DFPhMrsIofgJ1DDU3ModqqRArDm15/bNl4ecmcuBspZkZ4ONYnCC0R8U27WzK7cYv6r8l6Q/fRmvg7cb+I/dJA=="
      },
      "Microsoft.Extensions.DependencyInjection.Abstractions": {
        "type": "Transitive",
        "resolved": "8.0.2",
        "contentHash": "3iE7UF7MQkCv1cxzCahz+Y/guQbTqieyxyaWKhrRO91itI9cOKO76OHeQDahqG4MmW5umr3CcCvGmK92lWNlbg=="
      },
      "Microsoft.Extensions.Logging.Abstractions": {
        "type": "Transitive",
        "resolved": "8.0.3",
        "contentHash": "dL0QGToTxggRLMYY4ZYX5AMwBb+byQBd/5dMiZE07Nv73o6I5Are3C7eQTh7K2+A4ct0PVISSr7TZANbiNb2yQ==",
        "dependencies": {
          "Microsoft.Extensions.DependencyInjection.Abstractions": "8.0.2"
        }
      },
      "Microsoft.TestPlatform.ObjectModel": {
        "type": "Transitive",
        "resolved": "18.0.0",
        "contentHash": "Al/a99ymb8UdEEh6DKNiaoFn5i8fvX5PdM9LfU9Z/Q8NJrlyHHzF+LRHLbR+t89gRsJ2fFMpwYxgEn3eH1BQwA==",
        "dependencies": {
          "System.Reflection.Metadata": "8.0.0"
        }
      },
      "Microsoft.TestPlatform.TestHost": {
        "type": "Transitive",
        "resolved": "18.0.0",
        "contentHash": "aAxE8Thr9ZHGrljOYaDeLJqitQi75iE4xeEFn6CEGFirlHSn1KwpKPniuEn6zCLZ90Z3XqNlrC3ZJTuvBov45w==",
        "dependencies": {
          "Microsoft.TestPlatform.ObjectModel": "18.0.0",
          "Newtonsoft.Json": "13.0.3"
        }
      },
      "Newtonsoft.Json": {
        "type": "Transitive",
        "resolved": "13.0.3",
        "contentHash": "HrC5BXdl00IP9zeV+0Z848QWPAoCr9P3bDEZguI+gkLcBKAOxix/tLEAAHC+UvDNPv4a2d18lOReHMOagPa+zQ=="
      },
      "Pipelines.Sockets.Unofficial": {
        "type": "Transitive",
        "resolved": "2.2.8",
        "contentHash": "zG2FApP5zxSx6OcdJQLbZDk2AVlN2BNQD6MorwIfV6gVj0RRxWPEp2LXAxqDGZqeNV1Zp0BNPcNaey/GXmTdvQ==",
        "dependencies": {
          "System.IO.Pipelines": "5.0.1"
        }
      },
      "SSH.NET": {
        "type": "Transitive",
        "resolved": "2025.0.0",
        "contentHash": "AKYbB+q2zFkNQbBFx5gXdv+Wje0baBtADQ35WnMKi4bg1ka74wTQtWoPd+fOWcydohdfsD0nfT8ErMOAPxtSfA==",
        "dependencies": {
          "BouncyCastle.Cryptography": "2.5.1",
          "Microsoft.Extensions.Logging.Abstractions": "8.0.3"
        }
      },
      "StackExchange.Redis": {
        "type": "Transitive",
        "resolved": "2.9.25",
        "contentHash": "4lcZbdV/S/hzcWeLzfU3Sam7JyNChsizjbJBuYjcwHbpG1T+CGafuOjxem93DnfYfbyn/QbXVjHsGRMoi2hsqQ==",
        "dependencies": {
          "Microsoft.Extensions.Logging.Abstractions": "8.0.0",
          "Pipelines.Sockets.Unofficial": "2.2.8"
        }
      },
      "System.ClientModel": {
        "type": "Transitive",
        "resolved": "1.4.2",
        "contentHash": "goGitN7trB9hoQ01dIpxaSYcruI+lGt/xq471AUv8irFvsIX+4HCqk1pDT/4ZPTLmU6ZUuNzhCb4MJAIwG7+Uw==",
        "dependencies": {
          "Microsoft.Extensions.Logging.Abstractions": "8.0.3",
          "System.Memory.Data": "6.0.1"
        }
      },
      "System.Collections.Immutable": {
        "type": "Transitive",
        "resolved": "8.0.0",
        "contentHash": "AurL6Y5BA1WotzlEvVaIDpqzpIPvYnnldxru8oXJU2yFxFUy3+pNXjXd1ymO+RA0rq0+590Q8gaz2l3Sr7fmqg=="
      },
      "System.IO.Pipelines": {
        "type": "Transitive",
        "resolved": "5.0.1",
        "contentHash": "qEePWsaq9LoEEIqhbGe6D5J8c9IqQOUuTzzV6wn1POlfdLkJliZY3OlB0j0f17uMWlqZYjH7txj+2YbyrIA8Yg=="
      },
      "System.Memory": {
        "type": "Transitive",
        "resolved": "4.5.4",
        "contentHash": "1MbJTHS1lZ4bS4FmsJjnuGJOu88ZzTT2rLvrhW7Ygic+pC0NWA+3hgAen0HRdsocuQXCkUTdFn9yHJJhsijDXw=="
      },
      "System.Memory.Data": {
        "type": "Transitive",
        "resolved": "6.0.1",
        "contentHash": "yliDgLh9S9Mcy5hBIdZmX6yphYIW3NH+3HN1kV1m7V1e0s7LNTw/tHNjJP4U9nSMEgl3w1TzYv/KA1Tg9NYy6w=="
      },
      "System.Reflection.Metadata": {
        "type": "Transitive",
        "resolved": "8.0.0",
        "contentHash": "ptvgrFh7PvWI8bcVqG5rsA/weWM09EnthFHR5SCnS6IN+P4mj6rE1lBDC4U8HL9/57htKAqy4KQ3bBj84cfYyQ==",
        "dependencies": {
          "System.Collections.Immutable": "8.0.0"
        }
      },
      "xunit.abstractions": {
        "type": "Transitive",
        "resolved": "2.0.3",
        "contentHash": "pot1I4YOxlWjIb5jmwvvQNbTrZ3lJQ+jUGkGjWE3hEFM0l5gOnBWS+H3qsex68s5cO52g+44vpGzhAt+42vwKg=="
      },
      "xunit.analyzers": {
        "type": "Transitive",
        "resolved": "1.18.0",
        "contentHash": "OtFMHN8yqIcYP9wcVIgJrq01AfTxijjAqVDy/WeQVSyrDC1RzBWeQPztL49DN2syXRah8TYnfvk035s7L95EZQ=="
      },
      "xunit.assert": {
        "type": "Transitive",
        "resolved": "2.9.3",
        "contentHash": "/Kq28fCE7MjOV42YLVRAJzRF0WmEqsmflm0cfpMjGtzQ2lR5mYVj1/i0Y8uDAOLczkL3/jArrwehfMD0YogMAA=="
      },
      "xunit.core": {
        "type": "Transitive",
        "resolved": "2.9.3",
        "contentHash": "BiAEvqGvyme19wE0wTKdADH+NloYqikiU0mcnmiNyXaF9HyHmE6sr/3DC5vnBkgsWaE6yPyWszKSPSApWdRVeQ==",
        "dependencies": {
          "xunit.extensibility.core": "[2.9.3]",
          "xunit.extensibility.execution": "[2.9.3]"
        }
      },
      "xunit.extensibility.core": {
        "type": "Transitive",
        "resolved": "2.9.3",
        "contentHash": "kf3si0YTn2a8J8eZNb+zFpwfoyvIrQ7ivNk5ZYA5yuYk1bEtMe4DxJ2CF/qsRgmEnDr7MnW1mxylBaHTZ4qErA==",
        "dependencies": {
          "xunit.abstractions": "2.0.3"
        }
      },
      "xunit.extensibility.execution": {
        "type": "Transitive",
        "resolved": "2.9.3",
        "contentHash": "yMb6vMESlSrE3Wfj7V6cjQ3S4TXdXpRqYeNEI3zsX31uTsGMJjEw6oD5F5u1cHnMptjhEECnmZSsPxB6ChZHDQ==",
        "dependencies": {
          "xunit.extensibility.core": "[2.9.3]"
        }
      },
      "filehorizon.application": {
        "type": "Project",
        "dependencies": {
          "Azure.Messaging.ServiceBus": "[7.20.1, )",
          "FluentFTP": "[53.0.2, )",
          "SSH.NET": "[2025.0.0, )",
          "StackExchange.Redis": "[2.9.25, )"
        }
      }
    }
  }
}